
Microsoft Visual Studio Solution File, Format Version 12.00
# Visual Studio 15
VisualStudioVersion = 15.0.27130.2027
MinimumVisualStudioVersion = 10.0.40219.1
Project("{FAE04EC0-301F-11D3-BF4B-00C04F79EFBC}") = "TedEx", "TedEx\TedEx.csproj", "{6AA59934-EDEA-489F-BAE2-1F956C915B2E}"
EndProject
Global
	GlobalSection(SolutionConfigurationPlatforms) = preSolution
		Debug|Any CPU = Debug|Any CPU
		Release|Any CPU = Release|Any CPU
	EndGlobalSection
	GlobalSection(ProjectConfigurationPlatforms) = postSolution
		{6AA59934-EDEA-489F-BAE2-1F956C915B2E}.Debug|Any CPU.ActiveCfg = Debug|Any CPU
		{6AA59934-EDEA-489F-BAE2-1F956C915B2E}.Debug|Any CPU.Build.0 = Debug|Any CPU
		{6AA59934-EDEA-489F-BAE2-1F956C915B2E}.Release|Any CPU.ActiveCfg = Release|Any CPU
		{6AA59934-EDEA-489F-BAE2-1F956C915B2E}.Release|Any CPU.Build.0 = Release|Any CPU
	EndGlobalSection
	GlobalSection(SolutionProperties) = preSolution
		HideSolutionNode = FALSE
	EndGlobalSection
	GlobalSection(ExtensibilityGlobals) = postSolution
		SolutionGuid = {3064E27F-8F3D-4F3F-9F3D-7F749AA31140}
	EndGlobalSection
	GlobalSection(TeamFoundationVersionControl) = preSolution
		SccNumberOfProjects = 2
		SccEnterpriseProvider = {4CA58AB2-18FA-4F8D-95D4-32DDF27D184C}
		SccTeamFoundationServer = https://suhanishah.visualstudio.com/
		SccLocalPath0 = .
		SccProjectUniqueName1 = TedEx\\TedEx.csproj
		SccProjectName1 = TedEx
		SccLocalPath1 = TedEx
	EndGlobalSection
EndGlobal
